// !$*UTF8*$!
{
	archiveVersion = 1;
	classes = {
	};
	objectVersion = 56;
	objects = {

/* Begin PBXBuildFile section */
		4889DFAD2B1BAF5E002EC714 /* AppDelegate.swift in Sources */ = {isa = PBXBuildFile; fileRef = 4889DFAC2B1BAF5E002EC714 /* AppDelegate.swift */; };
		4889DFAF2B1BAF5E002EC714 /* SceneDelegate.swift in Sources */ = {isa = PBXBuildFile; fileRef = 4889DFAE2B1BAF5E002EC714 /* SceneDelegate.swift */; };
		4889DFB12B1BAF5E002EC714 /* ViewController.swift in Sources */ = {isa = PBXBuildFile; fileRef = 4889DFB02B1BAF5E002EC714 /* ViewController.swift */; };
		4889DFB42B1BAF5E002EC714 /* Main.storyboard in Resources */ = {isa = PBXBuildFile; fileRef = 4889DFB22B1BAF5E002EC714 /* Main.storyboard */; };
		4889DFB62B1BAF60002EC714 /* Assets.xcassets in Resources */ = {isa = PBXBuildFile; fileRef = 4889DFB52B1BAF60002EC714 /* Assets.xcassets */; };
		4889DFB92B1BAF60002EC714 /* LaunchScreen.storyboard in Resources */ = {isa = PBXBuildFile; fileRef = 4889DFB72B1BAF60002EC714 /* LaunchScreen.storyboard */; };
		4889DFC12B1BFAC0002EC714 /* MathParser.swift in Sources */ = {isa = PBXBuildFile; fileRef = 4889DFC02B1BFAC0002EC714 /* MathParser.swift */; };
/* End PBXBuildFile section */

/* Begin PBXFileReference section */
		4889DFA92B1BAF5E002EC714 /* kalk.app */ = {isa = PBXFileReference; explicitFileType = wrapper.application; includeInIndex = 0; path = kalk.app; sourceTree = BUILT_PRODUCTS_DIR; };
		4889DFAC2B1BAF5E002EC714 /* AppDelegate.swift */ = {isa = PBXFileReference; lastKnownFileType = sourcecode.swift; path = AppDelegate.swift; sourceTree = "<group>"; };
		4889DFAE2B1BAF5E002EC714 /* SceneDelegate.swift */ = {isa = PBXFileReference; lastKnownFileType = sourcecode.swift; path = SceneDelegate.swift; sourceTree = "<group>"; };
		4889DFB02B1BAF5E002EC714 /* ViewController.swift */ = {isa = PBXFileReference; lastKnownFileType = sourcecode.swift; path = ViewController.swift; sourceTree = "<group>"; };
		4889DFB32B1BAF5E002EC714 /* Base */ = {isa = PBXFileReference; lastKnownFileType = file.storyboard; name = Base; path = Base.lproj/Main.storyboard; sourceTree = "<group>"; };
		4889DFB52B1BAF60002EC714 /* Assets.xcassets */ = {isa = PBXFileReference; lastKnownFileType = folder.assetcatalog; path = Assets.xcassets; sourceTree = "<group>"; };
		4889DFB82B1BAF60002EC714 /* Base */ = {isa = PBXFileReference; lastKnownFileType = file.storyboard; name = Base; path = Base.lproj/LaunchScreen.storyboard; sourceTree = "<group>"; };
		4889DFBA2B1BAF60002EC714 /* Info.plist */ = {isa = PBXFileReference; lastKnownFileType = text.plist.xml; path = Info.plist; sourceTree = "<group>"; };
		4889DFC02B1BFAC0002EC714 /* MathParser.swift */ = {isa = PBXFileReference; lastKnownFileType = sourcecode.swift; path = MathParser.swift; sourceTree = "<group>"; };
/* End PBXFileReference section */

/* Begin PBXFrameworksBuildPhase section */
		4889DFA62B1BAF5E002EC714 /* Frameworks */ = {
			isa = PBXFrameworksBuildPhase;
			buildActionMask = 2147483647;
			files = (
			);
			runOnlyForDeploymentPostprocessing = 0;
		};
/* End PBXFrameworksBuildPhase section */

/* Begin PBXGroup section */
		4889DFA02B1BAF5E002EC714 = {
			isa = PBXGroup;
			children = (
				4889DFAB2B1BAF5E002EC714 /* kalk */,
				4889DFAA2B1BAF5E002EC714 /* Products */,
			);
			sourceTree = "<group>";
		};
		4889DFAA2B1BAF5E002EC714 /* Products */ = {
			isa = PBXGroup;
			children = (
				4889DFA92B1BAF5E002EC714 /* kalk.app */,
			);
			name = Products;
			sourceTree = "<group>";
		};
		4889DFAB2B1BAF5E002EC714 /* kalk */ = {
			isa = PBXGroup;
			children = (
				4889DFAC2B1BAF5E002EC714 /* AppDelegate.swift */,
				4889DFAE2B1BAF5E002EC714 /* SceneDelegate.swift */,
				4889DFB02B1BAF5E002EC714 /* ViewController.swift */,
				4889DFB22B1BAF5E002EC714 /* Main.storyboard */,
				4889DFB52B1BAF60002EC714 /* Assets.xcassets */,
				4889DFB72B1BAF60002EC714 /* LaunchScreen.storyboard */,
				4889DFBA2B1BAF60002EC714 /* Info.plist */,
				4889DFC02B1BFAC0002EC714 /* MathParser.swift */,
			);
			path = kalk;
			sourceTree = "<group>";
		};
/* End PBXGroup section */

/* Begin PBXNativeTarget section */
		4889DFA82B1BAF5E002EC714 /* kalk */ = {
			isa = PBXNativeTarget;
			buildConfigurationList = 4889DFBD2B1BAF60002EC714 /* Build configuration list for PBXNativeTarget "kalk" */;
			buildPhases = (
				4889DFA52B1BAF5E002EC714 /* Sources */,
				4889DFA62B1BAF5E002EC714 /* Frameworks */,
				4889DFA72B1BAF5E002EC714 /* Resources */,
			);
			buildRules = (
			);
			dependencies = (
			);
			name = kalk;
			productName = kalk;
			productReference = 4889DFA92B1BAF5E002EC714 /* kalk.app */;
			productType = "com.apple.product-type.application";
		};
/* End PBXNativeTarget section */

/* Begin PBXProject section */
		4889DFA12B1BAF5E002EC714 /* Project object */ = {
			isa = PBXProject;
			attributes = {
				BuildIndependentTargetsInParallel = 1;
				LastSwiftUpdateCheck = 1500;
				LastUpgradeCheck = 1500;
				TargetAttributes = {
					4889DFA82B1BAF5E002EC714 = {
						CreatedOnToolsVersion = 15.0.1;
					};
				};
			};
			buildConfigurationList = 4889DFA42B1BAF5E002EC714 /* Build configuration list for PBXProject "kalk" */;
			compatibilityVersion = "Xcode 14.0";
			developmentRegion = en;
			hasScannedForEncodings = 0;
			knownRegions = (
				en,
				Base,
			);
			mainGroup = 4889DFA02B1BAF5E002EC714;
			productRefGroup = 4889DFAA2B1BAF5E002EC714 /* Products */;
			projectDirPath = "";
			projectRoot = "";
			targets = (
				4889DFA82B1BAF5E002EC714 /* kalk */,
			);
		};
/* End PBXProject section */

/* Begin PBXResourcesBuildPhase section */
		4889DFA72B1BAF5E002EC714 /* Resources */ = {
			isa = PBXResourcesBuildPhase;
			buildActionMask = 2147483647;
			files = (
				4889DFB92B1BAF60002EC714 /* LaunchScreen.storyboard in Resources */,
				4889DFB62B1BAF60002EC714 /* Assets.xcassets in Resources */,
				4889DFB42B1BAF5E002EC714 /* Main.storyboard in Resources */,
			);
			runOnlyForDeploymentPostprocessing = 0;
		};
/* End PBXResourcesBuildPhase section */

/* Begin PBXSourcesBuildPhase section */
		4889DFA52B1BAF5E002EC714 /* Sources */ = {
			isa = PBXSourcesBuildPhase;
			buildActionMask = 2147483647;
			files = (
				4889DFB12B1BAF5E002EC714 /* ViewController.swift in Sources */,
				4889DFAD2B1BAF5E002EC714 /* AppDelegate.swift in Sources */,
				4889DFC12B1BFAC0002EC714 /* MathParser.swift in Sources */,
				4889DFAF2B1BAF5E002EC714 /* SceneDelegate.swift in Sources */,
			);
			runOnlyForDeploymentPostprocessing = 0;
		};
/* End PBXSourcesBuildPhase section */

/* Begin PBXVariantGroup section */
		4889DFB22B1BAF5E002EC714 /* Main.storyboard */ = {
			isa = PBXVariantGroup;
			children = (
				4889DFB32B1BAF5E002EC714 /* Base */,
			);
			name = Main.storyboard;
			sourceTree = "<group>";
		};
		4889DFB72B1BAF60002EC714 /* LaunchScreen.storyboard */ = {
			isa = PBXVariantGroup;
			children = (
				4889DFB82B1BAF60002EC714 /* Base */,
			);
			name = LaunchScreen.storyboard;
			sourceTree = "<group>";
		};
/* End PBXVariantGroup section */

/* Begin XCBuildConfiguration section */
		4889DFBB2B1BAF60002EC714 /* Debug */ = {
			isa = XCBuildConfiguration;
			buildSettings = {
				ALWAYS_SEARCH_USER_PATHS = NO;
				ASSETCATALOG_COMPILER_GENERATE_SWIFT_ASSET_SYMBOL_EXTENSIONS = YES;
				CLANG_ANALYZER_NONNULL = YES;
				CLANG_ANALYZER_NUMBER_OBJECT_CONVERSION = YES_AGGRESSIVE;
				CLANG_CXX_LANGUAGE_STANDARD = "gnu++20";
				CLANG_ENABLE_MODULES = YES;
				CLANG_ENABLE_OBJC_ARC = YES;
				CLANG_ENABLE_OBJC_WEAK = YES;
				CLANG_WARN_BLOCK_CAPTURE_AUTORELEASING = YES;
				CLANG_WARN_BOOL_CONVERSION = YES;
				CLANG_WARN_COMMA = YES;
				CLANG_WARN_CONSTANT_CONVERSION = YES;
				CLANG_WARN_DEPRECATED_OBJC_IMPLEMENTATIONS = YES;
				CLANG_WARN_DIRECT_OBJC_ISA_USAGE = YES_ERROR;
				CLANG_WARN_DOCUMENTATION_COMMENTS = YES;
				CLANG_WARN_EMPTY_BODY = YES;
				CLANG_WARN_ENUM_CONVERSION = YES;
				CLANG_WARN_INFINITE_RECURSION = YES;
				CLANG_WARN_INT_CONVERSION = YES;
				CLANG_WARN_NON_LITERAL_NULL_CONVERSION = YES;
				CLANG_WARN_OBJC_IMPLICIT_RETAIN_SELF = YES;
				CLANG_WARN_OBJC_LITERAL_CONVERSION = YES;
				CLANG_WARN_OBJC_ROOT_CLASS = YES_ERROR;
				CLANG_WARN_QUOTED_INCLUDE_IN_FRAMEWORK_HEADER = YES;
				CLANG_WARN_RANGE_LOOP_ANALYSIS = YES;
				CLANG_WARN_STRICT_PROTOTYPES = YES;
				CLANG_WARN_SUSPICIOUS_MOVE = YES;
				CLANG_WARN_UNGUARDED_AVAILABILITY = YES_AGGRESSIVE;
				CLANG_WARN_UNREACHABLE_CODE = YES;
				CLANG_WARN__DUPLICATE_METHOD_MATCH = YES;
				COPY_PHASE_STRIP = NO;
				DEBUG_INFORMATION_FORMAT = dwarf;
				ENABLE_STRICT_OBJC_MSGSEND = YES;
				ENABLE_TESTABILITY = YES;
				ENABLE_USER_SCRIPT_SANDBOXING = YES;
				GCC_C_LANGUAGE_STANDARD = gnu17;
				GCC_DYNAMIC_NO_PIC = NO;
				GCC_NO_COMMON_BLOCKS = YES;
				GCC_OPTIMIZATION_LEVEL = 0;
				GCC_PREPROCESSOR_DEFINITIONS = (
					"DEBUG=1",
					"$(inherited)",
				);
				GCC_WARN_64_TO_32_BIT_CONVERSION = YES;
				GCC_WARN_ABOUT_RETURN_TYPE = YES_ERROR;
				GCC_WARN_UNDECLARED_SELECTOR = YES;
				GCC_WARN_UNINITIALIZED_AUTOS = YES_AGGRESSIVE;
				GCC_WARN_UNUSED_FUNCTION = YES;
				GCC_WARN_UNUSED_VARIABLE = YES;
				IPHONEOS_DEPLOYMENT_TARGET = 17.0;
				LOCALIZATION_PREFERS_STRING_CATALOGS = YES;
				MTL_ENABLE_DEBUG_INFO = INCLUDE_SOURCE;
				MTL_FAST_MATH = YES;
				ONLY_ACTIVE_ARCH = YES;
				SDKROOT = iphoneos;
				SWIFT_ACTIVE_COMPILATION_CONDITIONS = "DEBUG $(inherited)";
				SWIFT_OPTIMIZATION_LEVEL = "-Onone";
			};
			name = Debug;
		};
		4889DFBC2B1BAF60002EC714 /* Release */ = {
			isa = XCBuildConfiguration;
			buildSettings = {
				ALWAYS_SEARCH_USER_PATHS = NO;
				ASSETCATALOG_COMPILER_GENERATE_SWIFT_ASSET_SYMBOL_EXTENSIONS = YES;
				CLANG_ANALYZER_NONNULL = YES;
				CLANG_ANALYZER_NUMBER_OBJECT_CONVERSION = YES_AGGRESSIVE;
				CLANG_CXX_LANGUAGE_STANDARD = "gnu++20";
				CLANG_ENABLE_MODULES = YES;
				CLANG_ENABLE_OBJC_ARC = YES;
				CLANG_ENABLE_OBJC_WEAK = YES;
				CLANG_WARN_BLOCK_CAPTURE_AUTORELEASING = YES;
				CLANG_WARN_BOOL_CONVERSION = YES;
				CLANG_WARN_COMMA = YES;
				CLANG_WARN_CONSTANT_CONVERSION = YES;
				CLANG_WARN_DEPRECATED_OBJC_IMPLEMENTATIONS = YES;
				CLANG_WARN_DIRECT_OBJC_ISA_USAGE = YES_ERROR;
				CLANG_WARN_DOCUMENTATION_COMMENTS = YES;
				CLANG_WARN_EMPTY_BODY = YES;
				CLANG_WARN_ENUM_CONVERSION = YES;
				CLANG_WARN_INFINITE_RECURSION = YES;
				CLANG_WARN_INT_CONVERSION = YES;
				CLANG_WARN_NON_LITERAL_NULL_CONVERSION = YES;
				CLANG_WARN_OBJC_IMPLICIT_RETAIN_SELF = YES;
				CLANG_WARN_OBJC_LITERAL_CONVERSION = YES;
				CLANG_WARN_OBJC_ROOT_CLASS = YES_ERROR;
				CLANG_WARN_QUOTED_INCLUDE_IN_FRAMEWORK_HEADER = YES;
				CLANG_WARN_RANGE_LOOP_ANALYSIS = YES;
				CLANG_WARN_STRICT_PROTOTYPES = YES;
				CLANG_WARN_SUSPICIOUS_MOVE = YES;
				CLANG_WARN_UNGUARDED_AVAILABILITY = YES_AGGRESSIVE;
				CLANG_WARN_UNREACHABLE_CODE = YES;
				CLANG_WARN__DUPLICATE_METHOD_MATCH = YES;
				COPY_PHASE_STRIP = NO;
				DEBUG_INFORMATION_FORMAT = "dwarf-with-dsym";
				ENABLE_NS_ASSERTIONS = NO;
				ENABLE_STRICT_OBJC_MSGSEND = YES;
				ENABLE_USER_SCRIPT_SANDBOXING = YES;
				GCC_C_LANGUAGE_STANDARD = gnu17;
				GCC_NO_COMMON_BLOCKS = YES;
				GCC_WARN_64_TO_32_BIT_CONVERSION = YES;
				GCC_WARN_ABOUT_RETURN_TYPE = YES_ERROR;
				GCC_WARN_UNDECLARED_SELECTOR = YES;
				GCC_WARN_UNINITIALIZED_AUTOS = YES_AGGRESSIVE;
				GCC_WARN_UNUSED_FUNCTION = YES;
				GCC_WARN_UNUSED_VARIABLE = YES;
				IPHONEOS_DEPLOYMENT_TARGET = 17.0;
				LOCALIZATION_PREFERS_STRING_CATALOGS = YES;
				MTL_ENABLE_DEBUG_INFO = NO;
				MTL_FAST_MATH = YES;
				SDKROOT = iphoneos;
				SWIFT_COMPILATION_MODE = wholemodule;
				VALIDATE_PRODUCT = YES;
			};
			name = Release;
		};
		4889DFBE2B1BAF60002EC714 /* Debug */ = {
			isa = XCBuildConfiguration;
			buildSettings = {
				ASSETCATALOG_COMPILER_APPICON_NAME = AppIcon;
				ASSETCATALOG_COMPILER_GLOBAL_ACCENT_COLOR_NAME = AccentColor;
				CODE_SIGN_STYLE = Automatic;
				CURRENT_PROJECT_VERSION = 1;
				DEVELOPMENT_TEAM = 52GJ29DJUL;
				GENERATE_INFOPLIST_FILE = YES;
				INFOPLIST_FILE = kalk/Info.plist;
				INFOPLIST_KEY_UIApplicationSupportsIndirectInputEvents = YES;
				INFOPLIST_KEY_UILaunchStoryboardName = LaunchScreen;
				INFOPLIST_KEY_UIMainStoryboardFile = Main;
				INFOPLIST_KEY_UISupportedInterfaceOrientations_iPad = "UIInterfaceOrientationPortrait UIInterfaceOrientationPortraitUpsideDown UIInterfaceOrientationLandscapeLeft UIInterfaceOrientationLandscapeRight";
				INFOPLIST_KEY_UISupportedInterfaceOrientations_iPhone = "UIInterfaceOrientationPortrait UIInterfaceOrientationLandscapeLeft UIInterfaceOrientationLandscapeRight";
				LD_RUNPATH_SEARCH_PATHS = (
					"$(inherited)",
					"@executable_path/Frameworks",
				);
				MARKETING_VERSION = 1.0;
				PRODUCT_BUNDLE_IDENTIFIER = kk.kalk;
				PRODUCT_NAME = "$(TARGET_NAME)";
				SWIFT_EMIT_LOC_STRINGS = YES;
				SWIFT_VERSION = 5.0;
				TARGETED_DEVICE_FAMILY = "1,2";
			};
			name = Debug;
		};
		4889DFBF2B1BAF60002EC714 /* Release */ = {
			isa = XCBuildConfiguration;
			buildSettings = {
				ASSETCATALOG_COMPILER_APPICON_NAME = AppIcon;
				ASSETCATALOG_COMPILER_GLOBAL_ACCENT_COLOR_NAME = AccentColor;
				CODE_SIGN_STYLE = Automatic;
				CURRENT_PROJECT_VERSION = 1;
				DEVELOPMENT_TEAM = 52GJ29DJUL;
				GENERATE_INFOPLIST_FILE = YES;
				INFOPLIST_FILE = kalk/Info.plist;
				INFOPLIST_KEY_UIApplicationSupportsIndirectInputEvents = YES;
				INFOPLIST_KEY_UILaunchStoryboardName = LaunchScreen;
				INFOPLIST_KEY_UIMainStoryboardFile = Main;
				INFOPLIST_KEY_UISupportedInterfaceOrientations_iPad = "UIInterfaceOrientationPortrait UIInterfaceOrientationPortraitUpsideDown UIInterfaceOrientationLandscapeLeft UIInterfaceOrientationLandscapeRight";
				INFOPLIST_KEY_UISupportedInterfaceOrientations_iPhone = "UIInterfaceOrientationPortrait UIInterfaceOrientationLandscapeLeft UIInterfaceOrientationLandscapeRight";
				LD_RUNPATH_SEARCH_PATHS = (
					"$(inherited)",
					"@executable_path/Frameworks",
				);
				MARKETING_VERSION = 1.0;
				PRODUCT_BUNDLE_IDENTIFIER = kk.kalk;
				PRODUCT_NAME = "$(TARGET_NAME)";
				SWIFT_EMIT_LOC_STRINGS = YES;
				SWIFT_VERSION = 5.0;
				TARGETED_DEVICE_FAMILY = "1,2";
			};
			name = Release;
		};
/* End XCBuildConfiguration section */

/* Begin XCConfigurationList section */
		4889DFA42B1BAF5E002EC714 /* Build configuration list for PBXProject "kalk" */ = {
			isa = XCConfigurationList;
			buildConfigurations = (
				4889DFBB2B1BAF60002EC714 /* Debug */,
				4889DFBC2B1BAF60002EC714 /* Release */,
			);
			defaultConfigurationIsVisible = 0;
			defaultConfigurationName = Release;
		};
		4889DFBD2B1BAF60002EC714 /* Build configuration list for PBXNativeTarget "kalk" */ = {
			isa = XCConfigurationList;
			buildConfigurations = (
				4889DFBE2B1BAF60002EC714 /* Debug */,
				4889DFBF2B1BAF60002EC714 /* Release */,
			);
			defaultConfigurationIsVisible = 0;
			defaultConfigurationName = Release;
		};
/* End XCConfigurationList section */
	};
	rootObject = 4889DFA12B1BAF5E002EC714 /* Project object */;
}
